
Microsoft Visual Studio Solution File, Format Version 12.00
# Visual Studio Version 16
VisualStudioVersion = 16.0.30204.135
MinimumVisualStudioVersion = 10.0.40219.1
Project("{FAE04EC0-301F-11D3-BF4B-00C04F79EFBC}") = "FinalProject6", "FinalProject6\FinalProject6.csproj", "{786CDFA9-C6F0-4955-8CFE-B1483B3CBD88}"
EndProject
Global
	GlobalSection(SolutionConfigurationPlatforms) = preSolution
		Debug|Any CPU = Debug|Any CPU
		Release|Any CPU = Release|Any CPU
	EndGlobalSection
	GlobalSection(ProjectConfigurationPlatforms) = postSolution
		{786CDFA9-C6F0-4955-8CFE-B1483B3CBD88}.Debug|Any CPU.ActiveCfg = Debug|Any CPU
		{786CDFA9-C6F0-4955-8CFE-B1483B3CBD88}.Debug|Any CPU.Build.0 = Debug|Any CPU
		{786CDFA9-C6F0-4955-8CFE-B1483B3CBD88}.Release|Any CPU.ActiveCfg = Release|Any CPU
		{786CDFA9-C6F0-4955-8CFE-B1483B3CBD88}.Release|Any CPU.Build.0 = Release|Any CPU
	EndGlobalSection
	GlobalSection(SolutionProperties) = preSolution
		HideSolutionNode = FALSE
	EndGlobalSection
	GlobalSection(ExtensibilityGlobals) = postSolution
		SolutionGuid = {6A6BBEB0-6970-49E3-A459-491E9E81FB90}
	EndGlobalSection
EndGlobal
